// !$*UTF8*$!
{
	archiveVersion = 1;
	classes = {
	};
	objectVersion = 50;
	objects = {

/* Begin PBXBuildFile section */
		891736A524B6FF2100206336 /* AppDelegate.swift in Sources */ = {isa = PBXBuildFile; fileRef = 891736A424B6FF2100206336 /* AppDelegate.swift */; };
		891736A724B6FF2100206336 /* SceneDelegate.swift in Sources */ = {isa = PBXBuildFile; fileRef = 891736A624B6FF2100206336 /* SceneDelegate.swift */; };
		891736A924B6FF2100206336 /* MainController.swift in Sources */ = {isa = PBXBuildFile; fileRef = 891736A824B6FF2100206336 /* MainController.swift */; };
		891736AC24B6FF2100206336 /* Main.storyboard in Resources */ = {isa = PBXBuildFile; fileRef = 891736AA24B6FF2100206336 /* Main.storyboard */; };
		891736AE24B6FF2300206336 /* Assets.xcassets in Resources */ = {isa = PBXBuildFile; fileRef = 891736AD24B6FF2300206336 /* Assets.xcassets */; };
		891736B124B6FF2300206336 /* LaunchScreen.storyboard in Resources */ = {isa = PBXBuildFile; fileRef = 891736AF24B6FF2300206336 /* LaunchScreen.storyboard */; };
		891E307C24BDD90000D60E79 /* SF-Compact-Rounded-Medium.otf in Resources */ = {isa = PBXBuildFile; fileRef = 89B570D824BDB668007694AB /* SF-Compact-Rounded-Medium.otf */; };
		891E307D24BDD90000D60E79 /* SF-Compact-Rounded-Bold.otf in Resources */ = {isa = PBXBuildFile; fileRef = 89B570D724BDB668007694AB /* SF-Compact-Rounded-Bold.otf */; };
		897EFC0924BEF00E00A65E3D /* CoronaVirusModel.swift in Sources */ = {isa = PBXBuildFile; fileRef = 897EFC0824BEF00E00A65E3D /* CoronaVirusModel.swift */; };
		897EFC0B24BEF01C00A65E3D /* CoronaVirusData.swift in Sources */ = {isa = PBXBuildFile; fileRef = 897EFC0A24BEF01C00A65E3D /* CoronaVirusData.swift */; };
		897EFC0D24BEF02900A65E3D /* CoronaVirusManager.swift in Sources */ = {isa = PBXBuildFile; fileRef = 897EFC0C24BEF02900A65E3D /* CoronaVirusManager.swift */; };
		89B570DC24BDB6C6007694AB /* SecondScreenViewController.swift in Sources */ = {isa = PBXBuildFile; fileRef = 89B570DB24BDB6C6007694AB /* SecondScreenViewController.swift */; };
/* End PBXBuildFile section */

/* Begin PBXFileReference section */
		891736A124B6FF2000206336 /* Cambodia Covid19 Tracker.app */ = {isa = PBXFileReference; explicitFileType = wrapper.application; includeInIndex = 0; path = "Cambodia Covid19 Tracker.app"; sourceTree = BUILT_PRODUCTS_DIR; };
		891736A424B6FF2100206336 /* AppDelegate.swift */ = {isa = PBXFileReference; lastKnownFileType = sourcecode.swift; path = AppDelegate.swift; sourceTree = "<group>"; };
		891736A624B6FF2100206336 /* SceneDelegate.swift */ = {isa = PBXFileReference; lastKnownFileType = sourcecode.swift; path = SceneDelegate.swift; sourceTree = "<group>"; };
		891736A824B6FF2100206336 /* MainController.swift */ = {isa = PBXFileReference; lastKnownFileType = sourcecode.swift; path = MainController.swift; sourceTree = "<group>"; };
		891736AB24B6FF2100206336 /* Base */ = {isa = PBXFileReference; lastKnownFileType = file.storyboard; name = Base; path = Base.lproj/Main.storyboard; sourceTree = "<group>"; };
		891736AD24B6FF2300206336 /* Assets.xcassets */ = {isa = PBXFileReference; lastKnownFileType = folder.assetcatalog; path = Assets.xcassets; sourceTree = "<group>"; };
		891736B024B6FF2300206336 /* Base */ = {isa = PBXFileReference; lastKnownFileType = file.storyboard; name = Base; path = Base.lproj/LaunchScreen.storyboard; sourceTree = "<group>"; };
		891736B224B6FF2300206336 /* Info.plist */ = {isa = PBXFileReference; lastKnownFileType = text.plist.xml; path = Info.plist; sourceTree = "<group>"; };
		897EFC0824BEF00E00A65E3D /* CoronaVirusModel.swift */ = {isa = PBXFileReference; lastKnownFileType = sourcecode.swift; path = CoronaVirusModel.swift; sourceTree = "<group>"; };
		897EFC0A24BEF01C00A65E3D /* CoronaVirusData.swift */ = {isa = PBXFileReference; lastKnownFileType = sourcecode.swift; path = CoronaVirusData.swift; sourceTree = "<group>"; };
		897EFC0C24BEF02900A65E3D /* CoronaVirusManager.swift */ = {isa = PBXFileReference; lastKnownFileType = sourcecode.swift; path = CoronaVirusManager.swift; sourceTree = "<group>"; };
		89B570D724BDB668007694AB /* SF-Compact-Rounded-Bold.otf */ = {isa = PBXFileReference; lastKnownFileType = file; path = "SF-Compact-Rounded-Bold.otf"; sourceTree = "<group>"; };
		89B570D824BDB668007694AB /* SF-Compact-Rounded-Medium.otf */ = {isa = PBXFileReference; lastKnownFileType = file; path = "SF-Compact-Rounded-Medium.otf"; sourceTree = "<group>"; };
		89B570DB24BDB6C6007694AB /* SecondScreenViewController.swift */ = {isa = PBXFileReference; lastKnownFileType = sourcecode.swift; path = SecondScreenViewController.swift; sourceTree = "<group>"; };
/* End PBXFileReference section */

/* Begin PBXFrameworksBuildPhase section */
		8917369E24B6FF2000206336 /* Frameworks */ = {
			isa = PBXFrameworksBuildPhase;
			buildActionMask = 2147483647;
			files = (
			);
			runOnlyForDeploymentPostprocessing = 0;
		};
/* End PBXFrameworksBuildPhase section */

/* Begin PBXGroup section */
		8917369824B6FF2000206336 = {
			isa = PBXGroup;
			children = (
				891736A324B6FF2000206336 /* Cambodia Covid19 Tracker */,
				891736A224B6FF2000206336 /* Products */,
				89B570D624BDB65D007694AB /* Bonus items */,
			);
			sourceTree = "<group>";
		};
		891736A224B6FF2000206336 /* Products */ = {
			isa = PBXGroup;
			children = (
				891736A124B6FF2000206336 /* Cambodia Covid19 Tracker.app */,
			);
			name = Products;
			sourceTree = "<group>";
		};
		891736A324B6FF2000206336 /* Cambodia Covid19 Tracker */ = {
			isa = PBXGroup;
			children = (
				891736A424B6FF2100206336 /* AppDelegate.swift */,
				891736A624B6FF2100206336 /* SceneDelegate.swift */,
				89B570D524BDB643007694AB /* M */,
				89B570DA24BDB6A4007694AB /* V */,
				89B570D924BDB693007694AB /* C */,
				891736AD24B6FF2300206336 /* Assets.xcassets */,
				891736AF24B6FF2300206336 /* LaunchScreen.storyboard */,
				891736B224B6FF2300206336 /* Info.plist */,
			);
			path = "Cambodia Covid19 Tracker";
			sourceTree = "<group>";
		};
		89B570D524BDB643007694AB /* M */ = {
			isa = PBXGroup;
			children = (
				897EFC0C24BEF02900A65E3D /* CoronaVirusManager.swift */,
				897EFC0824BEF00E00A65E3D /* CoronaVirusModel.swift */,
				897EFC0A24BEF01C00A65E3D /* CoronaVirusData.swift */,
			);
			path = M;
			sourceTree = "<group>";
		};
		89B570D624BDB65D007694AB /* Bonus items */ = {
			isa = PBXGroup;
			children = (
				89B570D824BDB668007694AB /* SF-Compact-Rounded-Medium.otf */,
				89B570D724BDB668007694AB /* SF-Compact-Rounded-Bold.otf */,
			);
			name = "Bonus items";
			sourceTree = "<group>";
		};
		89B570D924BDB693007694AB /* C */ = {
			isa = PBXGroup;
			children = (
				891736A824B6FF2100206336 /* MainController.swift */,
				89B570DB24BDB6C6007694AB /* SecondScreenViewController.swift */,
			);
			path = C;
			sourceTree = "<group>";
		};
		89B570DA24BDB6A4007694AB /* V */ = {
			isa = PBXGroup;
			children = (
				891736AA24B6FF2100206336 /* Main.storyboard */,
			);
			path = V;
			sourceTree = "<group>";
		};
/* End PBXGroup section */

/* Begin PBXNativeTarget section */
		891736A024B6FF2000206336 /* Cambodia Covid19 Tracker */ = {
			isa = PBXNativeTarget;
			buildConfigurationList = 891736B524B6FF2300206336 /* Build configuration list for PBXNativeTarget "Cambodia Covid19 Tracker" */;
			buildPhases = (
				8917369D24B6FF2000206336 /* Sources */,
				8917369E24B6FF2000206336 /* Frameworks */,
				8917369F24B6FF2000206336 /* Resources */,
			);
			buildRules = (
			);
			dependencies = (
			);
			name = "Cambodia Covid19 Tracker";
			productName = "Cambodia Covid19 Tracker";
			productReference = 891736A124B6FF2000206336 /* Cambodia Covid19 Tracker.app */;
			productType = "com.apple.product-type.application";
		};
/* End PBXNativeTarget section */

/* Begin PBXProject section */
		8917369924B6FF2000206336 /* Project object */ = {
			isa = PBXProject;
			attributes = {
				LastSwiftUpdateCheck = 1150;
				LastUpgradeCheck = 1150;
				ORGANIZATIONNAME = "Chhorn Vatana";
				TargetAttributes = {
					891736A024B6FF2000206336 = {
						CreatedOnToolsVersion = 11.5;
					};
				};
			};
			buildConfigurationList = 8917369C24B6FF2000206336 /* Build configuration list for PBXProject "Cambodia Covid19 Tracker" */;
			compatibilityVersion = "Xcode 9.3";
			developmentRegion = en;
			hasScannedForEncodings = 0;
			knownRegions = (
				en,
				Base,
			);
			mainGroup = 8917369824B6FF2000206336;
			productRefGroup = 891736A224B6FF2000206336 /* Products */;
			projectDirPath = "";
			projectRoot = "";
			targets = (
				891736A024B6FF2000206336 /* Cambodia Covid19 Tracker */,
			);
		};
/* End PBXProject section */

/* Begin PBXResourcesBuildPhase section */
		8917369F24B6FF2000206336 /* Resources */ = {
			isa = PBXResourcesBuildPhase;
			buildActionMask = 2147483647;
			files = (
				891E307C24BDD90000D60E79 /* SF-Compact-Rounded-Medium.otf in Resources */,
				891E307D24BDD90000D60E79 /* SF-Compact-Rounded-Bold.otf in Resources */,
				891736B124B6FF2300206336 /* LaunchScreen.storyboard in Resources */,
				891736AE24B6FF2300206336 /* Assets.xcassets in Resources */,
				891736AC24B6FF2100206336 /* Main.storyboard in Resources */,
			);
			runOnlyForDeploymentPostprocessing = 0;
		};
/* End PBXResourcesBuildPhase section */

/* Begin PBXSourcesBuildPhase section */
		8917369D24B6FF2000206336 /* Sources */ = {
			isa = PBXSourcesBuildPhase;
			buildActionMask = 2147483647;
			files = (
				897EFC0924BEF00E00A65E3D /* CoronaVirusModel.swift in Sources */,
				89B570DC24BDB6C6007694AB /* SecondScreenViewController.swift in Sources */,
				891736A924B6FF2100206336 /* MainController.swift in Sources */,
				897EFC0D24BEF02900A65E3D /* CoronaVirusManager.swift in Sources */,
				891736A524B6FF2100206336 /* AppDelegate.swift in Sources */,
				891736A724B6FF2100206336 /* SceneDelegate.swift in Sources */,
				897EFC0B24BEF01C00A65E3D /* CoronaVirusData.swift in Sources */,
			);
			runOnlyForDeploymentPostprocessing = 0;
		};
/* End PBXSourcesBuildPhase section */

/* Begin PBXVariantGroup section */
		891736AA24B6FF2100206336 /* Main.storyboard */ = {
			isa = PBXVariantGroup;
			children = (
				891736AB24B6FF2100206336 /* Base */,
			);
			name = Main.storyboard;
			sourceTree = "<group>";
		};
		891736AF24B6FF2300206336 /* LaunchScreen.storyboard */ = {
			isa = PBXVariantGroup;
			children = (
				891736B024B6FF2300206336 /* Base */,
			);
			name = LaunchScreen.storyboard;
			sourceTree = "<group>";
		};
/* End PBXVariantGroup section */

/* Begin XCBuildConfiguration section */
		891736B324B6FF2300206336 /* Debug */ = {
			isa = XCBuildConfiguration;
			buildSettings = {
				ALWAYS_SEARCH_USER_PATHS = NO;
				CLANG_ANALYZER_NONNULL = YES;
				CLANG_ANALYZER_NUMBER_OBJECT_CONVERSION = YES_AGGRESSIVE;
				CLANG_CXX_LANGUAGE_STANDARD = "gnu++14";
				CLANG_CXX_LIBRARY = "libc++";
				CLANG_ENABLE_MODULES = YES;
				CLANG_ENABLE_OBJC_ARC = YES;
				CLANG_ENABLE_OBJC_WEAK = YES;
				CLANG_WARN_BLOCK_CAPTURE_AUTORELEASING = YES;
				CLANG_WARN_BOOL_CONVERSION = YES;
				CLANG_WARN_COMMA = YES;
				CLANG_WARN_CONSTANT_CONVERSION = YES;
				CLANG_WARN_DEPRECATED_OBJC_IMPLEMENTATIONS = YES;
				CLANG_WARN_DIRECT_OBJC_ISA_USAGE = YES_ERROR;
				CLANG_WARN_DOCUMENTATION_COMMENTS = YES;
				CLANG_WARN_EMPTY_BODY = YES;
				CLANG_WARN_ENUM_CONVERSION = YES;
				CLANG_WARN_INFINITE_RECURSION = YES;
				CLANG_WARN_INT_CONVERSION = YES;
				CLANG_WARN_NON_LITERAL_NULL_CONVERSION = YES;
				CLANG_WARN_OBJC_IMPLICIT_RETAIN_SELF = YES;
				CLANG_WARN_OBJC_LITERAL_CONVERSION = YES;
				CLANG_WARN_OBJC_ROOT_CLASS = YES_ERROR;
				CLANG_WARN_RANGE_LOOP_ANALYSIS = YES;
				CLANG_WARN_STRICT_PROTOTYPES = YES;
				CLANG_WARN_SUSPICIOUS_MOVE = YES;
				CLANG_WARN_UNGUARDED_AVAILABILITY = YES_AGGRESSIVE;
				CLANG_WARN_UNREACHABLE_CODE = YES;
				CLANG_WARN__DUPLICATE_METHOD_MATCH = YES;
				COPY_PHASE_STRIP = NO;
				DEBUG_INFORMATION_FORMAT = dwarf;
				ENABLE_STRICT_OBJC_MSGSEND = YES;
				ENABLE_TESTABILITY = YES;
				GCC_C_LANGUAGE_STANDARD = gnu11;
				GCC_DYNAMIC_NO_PIC = NO;
				GCC_NO_COMMON_BLOCKS = YES;
				GCC_OPTIMIZATION_LEVEL = 0;
				GCC_PREPROCESSOR_DEFINITIONS = (
					"DEBUG=1",
					"$(inherited)",
				);
				GCC_WARN_64_TO_32_BIT_CONVERSION = YES;
				GCC_WARN_ABOUT_RETURN_TYPE = YES_ERROR;
				GCC_WARN_UNDECLARED_SELECTOR = YES;
				GCC_WARN_UNINITIALIZED_AUTOS = YES_AGGRESSIVE;
				GCC_WARN_UNUSED_FUNCTION = YES;
				GCC_WARN_UNUSED_VARIABLE = YES;
				IPHONEOS_DEPLOYMENT_TARGET = 13.5;
				MTL_ENABLE_DEBUG_INFO = INCLUDE_SOURCE;
				MTL_FAST_MATH = YES;
				ONLY_ACTIVE_ARCH = YES;
				SDKROOT = iphoneos;
				SWIFT_ACTIVE_COMPILATION_CONDITIONS = DEBUG;
				SWIFT_OPTIMIZATION_LEVEL = "-Onone";
			};
			name = Debug;
		};
		891736B424B6FF2300206336 /* Release */ = {
			isa = XCBuildConfiguration;
			buildSettings = {
				ALWAYS_SEARCH_USER_PATHS = NO;
				CLANG_ANALYZER_NONNULL = YES;
				CLANG_ANALYZER_NUMBER_OBJECT_CONVERSION = YES_AGGRESSIVE;
				CLANG_CXX_LANGUAGE_STANDARD = "gnu++14";
				CLANG_CXX_LIBRARY = "libc++";
				CLANG_ENABLE_MODULES = YES;
				CLANG_ENABLE_OBJC_ARC = YES;
				CLANG_ENABLE_OBJC_WEAK = YES;
				CLANG_WARN_BLOCK_CAPTURE_AUTORELEASING = YES;
				CLANG_WARN_BOOL_CONVERSION = YES;
				CLANG_WARN_COMMA = YES;
				CLANG_WARN_CONSTANT_CONVERSION = YES;
				CLANG_WARN_DEPRECATED_OBJC_IMPLEMENTATIONS = YES;
				CLANG_WARN_DIRECT_OBJC_ISA_USAGE = YES_ERROR;
				CLANG_WARN_DOCUMENTATION_COMMENTS = YES;
				CLANG_WARN_EMPTY_BODY = YES;
				CLANG_WARN_ENUM_CONVERSION = YES;
				CLANG_WARN_INFINITE_RECURSION = YES;
				CLANG_WARN_INT_CONVERSION = YES;
				CLANG_WARN_NON_LITERAL_NULL_CONVERSION = YES;
				CLANG_WARN_OBJC_IMPLICIT_RETAIN_SELF = YES;
				CLANG_WARN_OBJC_LITERAL_CONVERSION = YES;
				CLANG_WARN_OBJC_ROOT_CLASS = YES_ERROR;
				CLANG_WARN_RANGE_LOOP_ANALYSIS = YES;
				CLANG_WARN_STRICT_PROTOTYPES = YES;
				CLANG_WARN_SUSPICIOUS_MOVE = YES;
				CLANG_WARN_UNGUARDED_AVAILABILITY = YES_AGGRESSIVE;
				CLANG_WARN_UNREACHABLE_CODE = YES;
				CLANG_WARN__DUPLICATE_METHOD_MATCH = YES;
				COPY_PHASE_STRIP = NO;
				DEBUG_INFORMATION_FORMAT = "dwarf-with-dsym";
				ENABLE_NS_ASSERTIONS = NO;
				ENABLE_STRICT_OBJC_MSGSEND = YES;
				GCC_C_LANGUAGE_STANDARD = gnu11;
				GCC_NO_COMMON_BLOCKS = YES;
				GCC_WARN_64_TO_32_BIT_CONVERSION = YES;
				GCC_WARN_ABOUT_RETURN_TYPE = YES_ERROR;
				GCC_WARN_UNDECLARED_SELECTOR = YES;
				GCC_WARN_UNINITIALIZED_AUTOS = YES_AGGRESSIVE;
				GCC_WARN_UNUSED_FUNCTION = YES;
				GCC_WARN_UNUSED_VARIABLE = YES;
				IPHONEOS_DEPLOYMENT_TARGET = 13.5;
				MTL_ENABLE_DEBUG_INFO = NO;
				MTL_FAST_MATH = YES;
				SDKROOT = iphoneos;
				SWIFT_COMPILATION_MODE = wholemodule;
				SWIFT_OPTIMIZATION_LEVEL = "-O";
				VALIDATE_PRODUCT = YES;
			};
			name = Release;
		};
		891736B624B6FF2300206336 /* Debug */ = {
			isa = XCBuildConfiguration;
			buildSettings = {
				ASSETCATALOG_COMPILER_APPICON_NAME = AppIcon;
				CODE_SIGN_STYLE = Automatic;
				DEVELOPMENT_TEAM = 3P96VF2954;
				INFOPLIST_FILE = "Cambodia Covid19 Tracker/Info.plist";
				LD_RUNPATH_SEARCH_PATHS = (
					"$(inherited)",
					"@executable_path/Frameworks",
				);
				PRODUCT_BUNDLE_IDENTIFIER = "com.vatanachhorn.Cambodia-Covid19-Tracker";
				PRODUCT_NAME = "$(TARGET_NAME)";
				SWIFT_VERSION = 5.0;
				TARGETED_DEVICE_FAMILY = "1,2";
			};
			name = Debug;
		};
		891736B724B6FF2300206336 /* Release */ = {
			isa = XCBuildConfiguration;
			buildSettings = {
				ASSETCATALOG_COMPILER_APPICON_NAME = AppIcon;
				CODE_SIGN_STYLE = Automatic;
				DEVELOPMENT_TEAM = 3P96VF2954;
				INFOPLIST_FILE = "Cambodia Covid19 Tracker/Info.plist";
				LD_RUNPATH_SEARCH_PATHS = (
					"$(inherited)",
					"@executable_path/Frameworks",
				);
				PRODUCT_BUNDLE_IDENTIFIER = "com.vatanachhorn.Cambodia-Covid19-Tracker";
				PRODUCT_NAME = "$(TARGET_NAME)";
				SWIFT_VERSION = 5.0;
				TARGETED_DEVICE_FAMILY = "1,2";
			};
			name = Release;
		};
/* End XCBuildConfiguration section */

/* Begin XCConfigurationList section */
		8917369C24B6FF2000206336 /* Build configuration list for PBXProject "Cambodia Covid19 Tracker" */ = {
			isa = XCConfigurationList;
			buildConfigurations = (
				891736B324B6FF2300206336 /* Debug */,
				891736B424B6FF2300206336 /* Release */,
			);
			defaultConfigurationIsVisible = 0;
			defaultConfigurationName = Release;
		};
		891736B524B6FF2300206336 /* Build configuration list for PBXNativeTarget "Cambodia Covid19 Tracker" */ = {
			isa = XCConfigurationList;
			buildConfigurations = (
				891736B624B6FF2300206336 /* Debug */,
				891736B724B6FF2300206336 /* Release */,
			);
			defaultConfigurationIsVisible = 0;
			defaultConfigurationName = Release;
		};
/* End XCConfigurationList section */
	};
	rootObject = 8917369924B6FF2000206336 /* Project object */;
}
